// !$*UTF8*$!
{
	archiveVersion = 1;
	classes = {
	};
	objectVersion = 46;
	objects = {

/* Begin PBXBuildFile section */
		355D16EF1838E23900948EA1 /* ISCollectionViewController.m in Sources */ = {isa = PBXBuildFile; fileRef = 355D16EE1838E23900948EA1 /* ISCollectionViewController.m */; };
		355D16F21838E24800948EA1 /* ISTableViewController.m in Sources */ = {isa = PBXBuildFile; fileRef = 355D16F11838E24800948EA1 /* ISTableViewController.m */; };
		355D16F51838E27A00948EA1 /* ISTagDataSource.m in Sources */ = {isa = PBXBuildFile; fileRef = 355D16F41838E27A00948EA1 /* ISTagDataSource.m */; };
		355D16F81838EE7000948EA1 /* NSMutableArray+ISTest.m in Sources */ = {isa = PBXBuildFile; fileRef = 355D16F71838EE7000948EA1 /* NSMutableArray+ISTest.m */; };
		355D16FD1839073A00948EA1 /* ISActionController.m in Sources */ = {isa = PBXBuildFile; fileRef = 355D16FC1839073A00948EA1 /* ISActionController.m */; };
		35A6B4601833BFD600ACABB0 /* Foundation.framework in Frameworks */ = {isa = PBXBuildFile; fileRef = 35A6B45F1833BFD600ACABB0 /* Foundation.framework */; };
		35A6B4621833BFD600ACABB0 /* CoreGraphics.framework in Frameworks */ = {isa = PBXBuildFile; fileRef = 35A6B4611833BFD600ACABB0 /* CoreGraphics.framework */; };
		35A6B4641833BFD600ACABB0 /* UIKit.framework in Frameworks */ = {isa = PBXBuildFile; fileRef = 35A6B4631833BFD600ACABB0 /* UIKit.framework */; };
		35A6B46A1833BFD600ACABB0 /* InfoPlist.strings in Resources */ = {isa = PBXBuildFile; fileRef = 35A6B4681833BFD600ACABB0 /* InfoPlist.strings */; };
		35A6B46C1833BFD600ACABB0 /* main.m in Sources */ = {isa = PBXBuildFile; fileRef = 35A6B46B1833BFD600ACABB0 /* main.m */; };
		35A6B4701833BFD600ACABB0 /* ISAppDelegate.m in Sources */ = {isa = PBXBuildFile; fileRef = 35A6B46F1833BFD600ACABB0 /* ISAppDelegate.m */; };
		35A6B4731833BFD600ACABB0 /* Main.storyboard in Resources */ = {isa = PBXBuildFile; fileRef = 35A6B4711833BFD600ACABB0 /* Main.storyboard */; };
		35A6B4761833BFD600ACABB0 /* ISViewController.m in Sources */ = {isa = PBXBuildFile; fileRef = 35A6B4751833BFD600ACABB0 /* ISViewController.m */; };
		35A6B4781833BFD600ACABB0 /* Images.xcassets in Resources */ = {isa = PBXBuildFile; fileRef = 35A6B4771833BFD600ACABB0 /* Images.xcassets */; };
		35A6B47F1833BFD600ACABB0 /* XCTest.framework in Frameworks */ = {isa = PBXBuildFile; fileRef = 35A6B47E1833BFD600ACABB0 /* XCTest.framework */; };
		35A6B4801833BFD600ACABB0 /* Foundation.framework in Frameworks */ = {isa = PBXBuildFile; fileRef = 35A6B45F1833BFD600ACABB0 /* Foundation.framework */; };
		35A6B4811833BFD600ACABB0 /* UIKit.framework in Frameworks */ = {isa = PBXBuildFile; fileRef = 35A6B4631833BFD600ACABB0 /* UIKit.framework */; };
		35A6B4891833BFD600ACABB0 /* InfoPlist.strings in Resources */ = {isa = PBXBuildFile; fileRef = 35A6B4871833BFD600ACABB0 /* InfoPlist.strings */; };
		35A6B48B1833BFD600ACABB0 /* ISCollectionViewTestTests.m in Sources */ = {isa = PBXBuildFile; fileRef = 35A6B48A1833BFD600ACABB0 /* ISCollectionViewTestTests.m */; };
/* End PBXBuildFile section */

/* Begin PBXContainerItemProxy section */
		35A6B4821833BFD600ACABB0 /* PBXContainerItemProxy */ = {
			isa = PBXContainerItemProxy;
			containerPortal = 35A6B4541833BFD600ACABB0 /* Project object */;
			proxyType = 1;
			remoteGlobalIDString = 35A6B45B1833BFD600ACABB0;
			remoteInfo = ISCollectionViewTest;
		};
/* End PBXContainerItemProxy section */

/* Begin PBXFileReference section */
		355D16ED1838E23900948EA1 /* ISCollectionViewController.h */ = {isa = PBXFileReference; fileEncoding = 4; lastKnownFileType = sourcecode.c.h; path = ISCollectionViewController.h; sourceTree = "<group>"; };
		355D16EE1838E23900948EA1 /* ISCollectionViewController.m */ = {isa = PBXFileReference; fileEncoding = 4; lastKnownFileType = sourcecode.c.objc; path = ISCollectionViewController.m; sourceTree = "<group>"; };
		355D16F01838E24800948EA1 /* ISTableViewController.h */ = {isa = PBXFileReference; fileEncoding = 4; lastKnownFileType = sourcecode.c.h; path = ISTableViewController.h; sourceTree = "<group>"; };
		355D16F11838E24800948EA1 /* ISTableViewController.m */ = {isa = PBXFileReference; fileEncoding = 4; lastKnownFileType = sourcecode.c.objc; path = ISTableViewController.m; sourceTree = "<group>"; };
		355D16F31838E27A00948EA1 /* ISTagDataSource.h */ = {isa = PBXFileReference; fileEncoding = 4; lastKnownFileType = sourcecode.c.h; path = ISTagDataSource.h; sourceTree = "<group>"; };
		355D16F41838E27A00948EA1 /* ISTagDataSource.m */ = {isa = PBXFileReference; fileEncoding = 4; lastKnownFileType = sourcecode.c.objc; path = ISTagDataSource.m; sourceTree = "<group>"; };
		355D16F61838EE7000948EA1 /* NSMutableArray+ISTest.h */ = {isa = PBXFileReference; fileEncoding = 4; lastKnownFileType = sourcecode.c.h; path = "NSMutableArray+ISTest.h"; sourceTree = "<group>"; };
		355D16F71838EE7000948EA1 /* NSMutableArray+ISTest.m */ = {isa = PBXFileReference; fileEncoding = 4; lastKnownFileType = sourcecode.c.objc; path = "NSMutableArray+ISTest.m"; sourceTree = "<group>"; };
		355D16FB1839073A00948EA1 /* ISActionController.h */ = {isa = PBXFileReference; fileEncoding = 4; lastKnownFileType = sourcecode.c.h; path = ISActionController.h; sourceTree = "<group>"; };
		355D16FC1839073A00948EA1 /* ISActionController.m */ = {isa = PBXFileReference; fileEncoding = 4; lastKnownFileType = sourcecode.c.objc; path = ISActionController.m; sourceTree = "<group>"; };
		35A6B45C1833BFD600ACABB0 /* ISCollectionViewTest.app */ = {isa = PBXFileReference; explicitFileType = wrapper.application; includeInIndex = 0; path = ISCollectionViewTest.app; sourceTree = BUILT_PRODUCTS_DIR; };
		35A6B45F1833BFD600ACABB0 /* Foundation.framework */ = {isa = PBXFileReference; lastKnownFileType = wrapper.framework; name = Foundation.framework; path = System/Library/Frameworks/Foundation.framework; sourceTree = SDKROOT; };
		35A6B4611833BFD600ACABB0 /* CoreGraphics.framework */ = {isa = PBXFileReference; lastKnownFileType = wrapper.framework; name = CoreGraphics.framework; path = System/Library/Frameworks/CoreGraphics.framework; sourceTree = SDKROOT; };
		35A6B4631833BFD600ACABB0 /* UIKit.framework */ = {isa = PBXFileReference; lastKnownFileType = wrapper.framework; name = UIKit.framework; path = System/Library/Frameworks/UIKit.framework; sourceTree = SDKROOT; };
		35A6B4671833BFD600ACABB0 /* ISCollectionViewTest-Info.plist */ = {isa = PBXFileReference; lastKnownFileType = text.plist.xml; path = "ISCollectionViewTest-Info.plist"; sourceTree = "<group>"; };
		35A6B4691833BFD600ACABB0 /* en */ = {isa = PBXFileReference; lastKnownFileType = text.plist.strings; name = en; path = en.lproj/InfoPlist.strings; sourceTree = "<group>"; };
		35A6B46B1833BFD600ACABB0 /* main.m */ = {isa = PBXFileReference; lastKnownFileType = sourcecode.c.objc; path = main.m; sourceTree = "<group>"; };
		35A6B46D1833BFD600ACABB0 /* ISCollectionViewTest-Prefix.pch */ = {isa = PBXFileReference; lastKnownFileType = sourcecode.c.h; path = "ISCollectionViewTest-Prefix.pch"; sourceTree = "<group>"; };
		35A6B46E1833BFD600ACABB0 /* ISAppDelegate.h */ = {isa = PBXFileReference; lastKnownFileType = sourcecode.c.h; path = ISAppDelegate.h; sourceTree = "<group>"; };
		35A6B46F1833BFD600ACABB0 /* ISAppDelegate.m */ = {isa = PBXFileReference; lastKnownFileType = sourcecode.c.objc; path = ISAppDelegate.m; sourceTree = "<group>"; };
		35A6B4721833BFD600ACABB0 /* Base */ = {isa = PBXFileReference; lastKnownFileType = file.storyboard; name = Base; path = Base.lproj/Main.storyboard; sourceTree = "<group>"; };
		35A6B4741833BFD600ACABB0 /* ISViewController.h */ = {isa = PBXFileReference; lastKnownFileType = sourcecode.c.h; path = ISViewController.h; sourceTree = "<group>"; };
		35A6B4751833BFD600ACABB0 /* ISViewController.m */ = {isa = PBXFileReference; lastKnownFileType = sourcecode.c.objc; path = ISViewController.m; sourceTree = "<group>"; };
		35A6B4771833BFD600ACABB0 /* Images.xcassets */ = {isa = PBXFileReference; lastKnownFileType = folder.assetcatalog; path = Images.xcassets; sourceTree = "<group>"; };
		35A6B47D1833BFD600ACABB0 /* ISCollectionViewTestTests.xctest */ = {isa = PBXFileReference; explicitFileType = wrapper.cfbundle; includeInIndex = 0; path = ISCollectionViewTestTests.xctest; sourceTree = BUILT_PRODUCTS_DIR; };
		35A6B47E1833BFD600ACABB0 /* XCTest.framework */ = {isa = PBXFileReference; lastKnownFileType = wrapper.framework; name = XCTest.framework; path = Library/Frameworks/XCTest.framework; sourceTree = DEVELOPER_DIR; };
		35A6B4861833BFD600ACABB0 /* ISCollectionViewTestTests-Info.plist */ = {isa = PBXFileReference; lastKnownFileType = text.plist.xml; path = "ISCollectionViewTestTests-Info.plist"; sourceTree = "<group>"; };
		35A6B4881833BFD600ACABB0 /* en */ = {isa = PBXFileReference; lastKnownFileType = text.plist.strings; name = en; path = en.lproj/InfoPlist.strings; sourceTree = "<group>"; };
		35A6B48A1833BFD600ACABB0 /* ISCollectionViewTestTests.m */ = {isa = PBXFileReference; lastKnownFileType = sourcecode.c.objc; path = ISCollectionViewTestTests.m; sourceTree = "<group>"; };
/* End PBXFileReference section */

/* Begin PBXFrameworksBuildPhase section */
		35A6B4591833BFD600ACABB0 /* Frameworks */ = {
			isa = PBXFrameworksBuildPhase;
			buildActionMask = 2147483647;
			files = (
				35A6B4621833BFD600ACABB0 /* CoreGraphics.framework in Frameworks */,
				35A6B4641833BFD600ACABB0 /* UIKit.framework in Frameworks */,
				35A6B4601833BFD600ACABB0 /* Foundation.framework in Frameworks */,
			);
			runOnlyForDeploymentPostprocessing = 0;
		};
		35A6B47A1833BFD600ACABB0 /* Frameworks */ = {
			isa = PBXFrameworksBuildPhase;
			buildActionMask = 2147483647;
			files = (
				35A6B47F1833BFD600ACABB0 /* XCTest.framework in Frameworks */,
				35A6B4811833BFD600ACABB0 /* UIKit.framework in Frameworks */,
				35A6B4801833BFD600ACABB0 /* Foundation.framework in Frameworks */,
			);
			runOnlyForDeploymentPostprocessing = 0;
		};
/* End PBXFrameworksBuildPhase section */

/* Begin PBXGroup section */
		355D16EA1838E17B00948EA1 /* CollectionView */ = {
			isa = PBXGroup;
			children = (
				355D16ED1838E23900948EA1 /* ISCollectionViewController.h */,
				355D16EE1838E23900948EA1 /* ISCollectionViewController.m */,
			);
			name = CollectionView;
			sourceTree = "<group>";
		};
		355D16EB1838E18400948EA1 /* TableView */ = {
			isa = PBXGroup;
			children = (
				355D16F01838E24800948EA1 /* ISTableViewController.h */,
				355D16F11838E24800948EA1 /* ISTableViewController.m */,
			);
			name = TableView;
			sourceTree = "<group>";
		};
		355D16EC1838E18B00948EA1 /* DataSource */ = {
			isa = PBXGroup;
			children = (
				355D16F31838E27A00948EA1 /* ISTagDataSource.h */,
				355D16F41838E27A00948EA1 /* ISTagDataSource.m */,
				355D16F61838EE7000948EA1 /* NSMutableArray+ISTest.h */,
				355D16F71838EE7000948EA1 /* NSMutableArray+ISTest.m */,
			);
			name = DataSource;
			sourceTree = "<group>";
		};
		355D16FA1839071C00948EA1 /* ActionController */ = {
			isa = PBXGroup;
			children = (
				355D16FB1839073A00948EA1 /* ISActionController.h */,
				355D16FC1839073A00948EA1 /* ISActionController.m */,
			);
			name = ActionController;
			sourceTree = "<group>";
		};
		35A6B4531833BFD600ACABB0 = {
			isa = PBXGroup;
			children = (
				35A6B4651833BFD600ACABB0 /* ISCollectionViewTest */,
				35A6B4841833BFD600ACABB0 /* ISCollectionViewTestTests */,
				35A6B45E1833BFD600ACABB0 /* Frameworks */,
				35A6B45D1833BFD600ACABB0 /* Products */,
			);
			sourceTree = "<group>";
		};
		35A6B45D1833BFD600ACABB0 /* Products */ = {
			isa = PBXGroup;
			children = (
				35A6B45C1833BFD600ACABB0 /* ISCollectionViewTest.app */,
				35A6B47D1833BFD600ACABB0 /* ISCollectionViewTestTests.xctest */,
			);
			name = Products;
			sourceTree = "<group>";
		};
		35A6B45E1833BFD600ACABB0 /* Frameworks */ = {
			isa = PBXGroup;
			children = (
				35A6B45F1833BFD600ACABB0 /* Foundation.framework */,
				35A6B4611833BFD600ACABB0 /* CoreGraphics.framework */,
				35A6B4631833BFD600ACABB0 /* UIKit.framework */,
				35A6B47E1833BFD600ACABB0 /* XCTest.framework */,
			);
			name = Frameworks;
			sourceTree = "<group>";
		};
		35A6B4651833BFD600ACABB0 /* ISCollectionViewTest */ = {
			isa = PBXGroup;
			children = (
				355D16FA1839071C00948EA1 /* ActionController */,
				355D16EC1838E18B00948EA1 /* DataSource */,
				355D16EB1838E18400948EA1 /* TableView */,
				355D16EA1838E17B00948EA1 /* CollectionView */,
				35A6B46E1833BFD600ACABB0 /* ISAppDelegate.h */,
				35A6B46F1833BFD600ACABB0 /* ISAppDelegate.m */,
				35A6B4711833BFD600ACABB0 /* Main.storyboard */,
				35A6B4741833BFD600ACABB0 /* ISViewController.h */,
				35A6B4751833BFD600ACABB0 /* ISViewController.m */,
				35A6B4771833BFD600ACABB0 /* Images.xcassets */,
				35A6B4661833BFD600ACABB0 /* Supporting Files */,
			);
			path = ISCollectionViewTest;
			sourceTree = "<group>";
		};
		35A6B4661833BFD600ACABB0 /* Supporting Files */ = {
			isa = PBXGroup;
			children = (
				35A6B4671833BFD600ACABB0 /* ISCollectionViewTest-Info.plist */,
				35A6B4681833BFD600ACABB0 /* InfoPlist.strings */,
				35A6B46B1833BFD600ACABB0 /* main.m */,
				35A6B46D1833BFD600ACABB0 /* ISCollectionViewTest-Prefix.pch */,
			);
			name = "Supporting Files";
			sourceTree = "<group>";
		};
		35A6B4841833BFD600ACABB0 /* ISCollectionViewTestTests */ = {
			isa = PBXGroup;
			children = (
				35A6B48A1833BFD600ACABB0 /* ISCollectionViewTestTests.m */,
				35A6B4851833BFD600ACABB0 /* Supporting Files */,
			);
			path = ISCollectionViewTestTests;
			sourceTree = "<group>";
		};
		35A6B4851833BFD600ACABB0 /* Supporting Files */ = {
			isa = PBXGroup;
			children = (
				35A6B4861833BFD600ACABB0 /* ISCollectionViewTestTests-Info.plist */,
				35A6B4871833BFD600ACABB0 /* InfoPlist.strings */,
			);
			name = "Supporting Files";
			sourceTree = "<group>";
		};
/* End PBXGroup section */

/* Begin PBXNativeTarget section */
		35A6B45B1833BFD600ACABB0 /* ISCollectionViewTest */ = {
			isa = PBXNativeTarget;
			buildConfigurationList = 35A6B48E1833BFD600ACABB0 /* Build configuration list for PBXNativeTarget "ISCollectionViewTest" */;
			buildPhases = (
				35A6B4581833BFD600ACABB0 /* Sources */,
				35A6B4591833BFD600ACABB0 /* Frameworks */,
				35A6B45A1833BFD600ACABB0 /* Resources */,
			);
			buildRules = (
			);
			dependencies = (
			);
			name = ISCollectionViewTest;
			productName = ISCollectionViewTest;
			productReference = 35A6B45C1833BFD600ACABB0 /* ISCollectionViewTest.app */;
			productType = "com.apple.product-type.application";
		};
		35A6B47C1833BFD600ACABB0 /* ISCollectionViewTestTests */ = {
			isa = PBXNativeTarget;
			buildConfigurationList = 35A6B4911833BFD600ACABB0 /* Build configuration list for PBXNativeTarget "ISCollectionViewTestTests" */;
			buildPhases = (
				35A6B4791833BFD600ACABB0 /* Sources */,
				35A6B47A1833BFD600ACABB0 /* Frameworks */,
				35A6B47B1833BFD600ACABB0 /* Resources */,
			);
			buildRules = (
			);
			dependencies = (
				35A6B4831833BFD600ACABB0 /* PBXTargetDependency */,
			);
			name = ISCollectionViewTestTests;
			productName = ISCollectionViewTestTests;
			productReference = 35A6B47D1833BFD600ACABB0 /* ISCollectionViewTestTests.xctest */;
			productType = "com.apple.product-type.bundle.unit-test";
		};
/* End PBXNativeTarget section */

/* Begin PBXProject section */
		35A6B4541833BFD600ACABB0 /* Project object */ = {
			isa = PBXProject;
			attributes = {
				CLASSPREFIX = IS;
				LastUpgradeCheck = 0500;
				ORGANIZATIONNAME = Leon;
				TargetAttributes = {
					35A6B45B1833BFD600ACABB0 = {
						SystemCapabilities = {
							com.apple.BackgroundModes = {
								enabled = 0;
							};
						};
					};
					35A6B47C1833BFD600ACABB0 = {
						TestTargetID = 35A6B45B1833BFD600ACABB0;
					};
				};
			};
			buildConfigurationList = 35A6B4571833BFD600ACABB0 /* Build configuration list for PBXProject "ISCollectionViewTest" */;
			compatibilityVersion = "Xcode 3.2";
			developmentRegion = English;
			hasScannedForEncodings = 0;
			knownRegions = (
				en,
				Base,
			);
			mainGroup = 35A6B4531833BFD600ACABB0;
			productRefGroup = 35A6B45D1833BFD600ACABB0 /* Products */;
			projectDirPath = "";
			projectRoot = "";
			targets = (
				35A6B45B1833BFD600ACABB0 /* ISCollectionViewTest */,
				35A6B47C1833BFD600ACABB0 /* ISCollectionViewTestTests */,
			);
		};
/* End PBXProject section */

/* Begin PBXResourcesBuildPhase section */
		35A6B45A1833BFD600ACABB0 /* Resources */ = {
			isa = PBXResourcesBuildPhase;
			buildActionMask = 2147483647;
			files = (
				35A6B4781833BFD600ACABB0 /* Images.xcassets in Resources */,
				35A6B46A1833BFD600ACABB0 /* InfoPlist.strings in Resources */,
				35A6B4731833BFD600ACABB0 /* Main.storyboard in Resources */,
			);
			runOnlyForDeploymentPostprocessing = 0;
		};
		35A6B47B1833BFD600ACABB0 /* Resources */ = {
			isa = PBXResourcesBuildPhase;
			buildActionMask = 2147483647;
			files = (
				35A6B4891833BFD600ACABB0 /* InfoPlist.strings in Resources */,
			);
			runOnlyForDeploymentPostprocessing = 0;
		};
/* End PBXResourcesBuildPhase section */

/* Begin PBXSourcesBuildPhase section */
		35A6B4581833BFD600ACABB0 /* Sources */ = {
			isa = PBXSourcesBuildPhase;
			buildActionMask = 2147483647;
			files = (
				35A6B4701833BFD600ACABB0 /* ISAppDelegate.m in Sources */,
				35A6B46C1833BFD600ACABB0 /* main.m in Sources */,
				355D16F81838EE7000948EA1 /* NSMutableArray+ISTest.m in Sources */,
				355D16EF1838E23900948EA1 /* ISCollectionViewController.m in Sources */,
				355D16F51838E27A00948EA1 /* ISTagDataSource.m in Sources */,
				355D16FD1839073A00948EA1 /* ISActionController.m in Sources */,
				355D16F21838E24800948EA1 /* ISTableViewController.m in Sources */,
				35A6B4761833BFD600ACABB0 /* ISViewController.m in Sources */,
			);
			runOnlyForDeploymentPostprocessing = 0;
		};
		35A6B4791833BFD600ACABB0 /* Sources */ = {
			isa = PBXSourcesBuildPhase;
			buildActionMask = 2147483647;
			files = (
				35A6B48B1833BFD600ACABB0 /* ISCollectionViewTestTests.m in Sources */,
			);
			runOnlyForDeploymentPostprocessing = 0;
		};
/* End PBXSourcesBuildPhase section */

/* Begin PBXTargetDependency section */
		35A6B4831833BFD600ACABB0 /* PBXTargetDependency */ = {
			isa = PBXTargetDependency;
			target = 35A6B45B1833BFD600ACABB0 /* ISCollectionViewTest */;
			targetProxy = 35A6B4821833BFD600ACABB0 /* PBXContainerItemProxy */;
		};
/* End PBXTargetDependency section */

/* Begin PBXVariantGroup section */
		35A6B4681833BFD600ACABB0 /* InfoPlist.strings */ = {
			isa = PBXVariantGroup;
			children = (
				35A6B4691833BFD600ACABB0 /* en */,
			);
			name = InfoPlist.strings;
			sourceTree = "<group>";
		};
		35A6B4711833BFD600ACABB0 /* Main.storyboard */ = {
			isa = PBXVariantGroup;
			children = (
				35A6B4721833BFD600ACABB0 /* Base */,
			);
			name = Main.storyboard;
			sourceTree = "<group>";
		};
		35A6B4871833BFD600ACABB0 /* InfoPlist.strings */ = {
			isa = PBXVariantGroup;
			children = (
				35A6B4881833BFD600ACABB0 /* en */,
			);
			name = InfoPlist.strings;
			sourceTree = "<group>";
		};
/* End PBXVariantGroup section */

/* Begin XCBuildConfiguration section */
		35A6B48C1833BFD600ACABB0 /* Debug */ = {
			isa = XCBuildConfiguration;
			buildSettings = {
				ALWAYS_SEARCH_USER_PATHS = NO;
				ARCHS = "$(ARCHS_STANDARD_INCLUDING_64_BIT)";
				CLANG_CXX_LANGUAGE_STANDARD = "gnu++0x";
				CLANG_CXX_LIBRARY = "libc++";
				CLANG_ENABLE_MODULES = YES;
				CLANG_ENABLE_OBJC_ARC = YES;
				CLANG_WARN_BOOL_CONVERSION = YES;
				CLANG_WARN_CONSTANT_CONVERSION = YES;
				CLANG_WARN_DIRECT_OBJC_ISA_USAGE = YES_ERROR;
				CLANG_WARN_EMPTY_BODY = YES;
				CLANG_WARN_ENUM_CONVERSION = YES;
				CLANG_WARN_INT_CONVERSION = YES;
				CLANG_WARN_OBJC_ROOT_CLASS = YES_ERROR;
				CLANG_WARN__DUPLICATE_METHOD_MATCH = YES;
				"CODE_SIGN_IDENTITY[sdk=iphoneos*]" = "iPhone Developer";
				COPY_PHASE_STRIP = NO;
				GCC_C_LANGUAGE_STANDARD = gnu99;
				GCC_DYNAMIC_NO_PIC = NO;
				GCC_OPTIMIZATION_LEVEL = 0;
				GCC_PREPROCESSOR_DEFINITIONS = (
					"DEBUG=1",
					"$(inherited)",
				);
				GCC_SYMBOLS_PRIVATE_EXTERN = NO;
				GCC_WARN_64_TO_32_BIT_CONVERSION = YES;
				GCC_WARN_ABOUT_RETURN_TYPE = YES_ERROR;
				GCC_WARN_UNDECLARED_SELECTOR = YES;
				GCC_WARN_UNINITIALIZED_AUTOS = YES;
				GCC_WARN_UNUSED_FUNCTION = YES;
				GCC_WARN_UNUSED_VARIABLE = YES;
				IPHONEOS_DEPLOYMENT_TARGET = 7.0;
				ONLY_ACTIVE_ARCH = YES;
				SDKROOT = iphoneos;
			};
			name = Debug;
		};
		35A6B48D1833BFD600ACABB0 /* Release */ = {
			isa = XCBuildConfiguration;
			buildSettings = {
				ALWAYS_SEARCH_USER_PATHS = NO;
				ARCHS = "$(ARCHS_STANDARD_INCLUDING_64_BIT)";
				CLANG_CXX_LANGUAGE_STANDARD = "gnu++0x";
				CLANG_CXX_LIBRARY = "libc++";
				CLANG_ENABLE_MODULES = YES;
				CLANG_ENABLE_OBJC_ARC = YES;
				CLANG_WARN_BOOL_CONVERSION = YES;
				CLANG_WARN_CONSTANT_CONVERSION = YES;
				CLANG_WARN_DIRECT_OBJC_ISA_USAGE = YES_ERROR;
				CLANG_WARN_EMPTY_BODY = YES;
				CLANG_WARN_ENUM_CONVERSION = YES;
				CLANG_WARN_INT_CONVERSION = YES;
				CLANG_WARN_OBJC_ROOT_CLASS = YES_ERROR;
				CLANG_WARN__DUPLICATE_METHOD_MATCH = YES;
				"CODE_SIGN_IDENTITY[sdk=iphoneos*]" = "iPhone Developer";
				COPY_PHASE_STRIP = YES;
				ENABLE_NS_ASSERTIONS = NO;
				GCC_C_LANGUAGE_STANDARD = gnu99;
				GCC_WARN_64_TO_32_BIT_CONVERSION = YES;
				GCC_WARN_ABOUT_RETURN_TYPE = YES_ERROR;
				GCC_WARN_UNDECLARED_SELECTOR = YES;
				GCC_WARN_UNINITIALIZED_AUTOS = YES;
				GCC_WARN_UNUSED_FUNCTION = YES;
				GCC_WARN_UNUSED_VARIABLE = YES;
				IPHONEOS_DEPLOYMENT_TARGET = 7.0;
				SDKROOT = iphoneos;
				VALIDATE_PRODUCT = YES;
			};
			name = Release;
		};
		35A6B48F1833BFD600ACABB0 /* Debug */ = {
			isa = XCBuildConfiguration;
			buildSettings = {
				ASSETCATALOG_COMPILER_APPICON_NAME = AppIcon;
				ASSETCATALOG_COMPILER_LAUNCHIMAGE_NAME = LaunchImage;
				GCC_PRECOMPILE_PREFIX_HEADER = YES;
				GCC_PREFIX_HEADER = "ISCollectionViewTest/ISCollectionViewTest-Prefix.pch";
				INFOPLIST_FILE = "ISCollectionViewTest/ISCollectionViewTest-Info.plist";
				PRODUCT_NAME = "$(TARGET_NAME)";
				WRAPPER_EXTENSION = app;
			};
			name = Debug;
		};
		35A6B4901833BFD600ACABB0 /* Release */ = {
			isa = XCBuildConfiguration;
			buildSettings = {
				ASSETCATALOG_COMPILER_APPICON_NAME = AppIcon;
				ASSETCATALOG_COMPILER_LAUNCHIMAGE_NAME = LaunchImage;
				GCC_PRECOMPILE_PREFIX_HEADER = YES;
				GCC_PREFIX_HEADER = "ISCollectionViewTest/ISCollectionViewTest-Prefix.pch";
				INFOPLIST_FILE = "ISCollectionViewTest/ISCollectionViewTest-Info.plist";
				PRODUCT_NAME = "$(TARGET_NAME)";
				WRAPPER_EXTENSION = app;
			};
			name = Release;
		};
		35A6B4921833BFD600ACABB0 /* Debug */ = {
			isa = XCBuildConfiguration;
			buildSettings = {
				ARCHS = "$(ARCHS_STANDARD_INCLUDING_64_BIT)";
				BUNDLE_LOADER = "$(BUILT_PRODUCTS_DIR)/ISCollectionViewTest.app/ISCollectionViewTest";
				FRAMEWORK_SEARCH_PATHS = (
					"$(SDKROOT)/Developer/Library/Frameworks",
					"$(inherited)",
					"$(DEVELOPER_FRAMEWORKS_DIR)",
				);
				GCC_PRECOMPILE_PREFIX_HEADER = YES;
				GCC_PREFIX_HEADER = "ISCollectionViewTest/ISCollectionViewTest-Prefix.pch";
				GCC_PREPROCESSOR_DEFINITIONS = (
					"DEBUG=1",
					"$(inherited)",
				);
				INFOPLIST_FILE = "ISCollectionViewTestTests/ISCollectionViewTestTests-Info.plist";
				PRODUCT_NAME = "$(TARGET_NAME)";
				TEST_HOST = "$(BUNDLE_LOADER)";
				WRAPPER_EXTENSION = xctest;
			};
			name = Debug;
		};
		35A6B4931833BFD600ACABB0 /* Release */ = {
			isa = XCBuildConfiguration;
			buildSettings = {
				ARCHS = "$(ARCHS_STANDARD_INCLUDING_64_BIT)";
				BUNDLE_LOADER = "$(BUILT_PRODUCTS_DIR)/ISCollectionViewTest.app/ISCollectionViewTest";
				FRAMEWORK_SEARCH_PATHS = (
					"$(SDKROOT)/Developer/Library/Frameworks",
					"$(inherited)",
					"$(DEVELOPER_FRAMEWORKS_DIR)",
				);
				GCC_PRECOMPILE_PREFIX_HEADER = YES;
				GCC_PREFIX_HEADER = "ISCollectionViewTest/ISCollectionViewTest-Prefix.pch";
				INFOPLIST_FILE = "ISCollectionViewTestTests/ISCollectionViewTestTests-Info.plist";
				PRODUCT_NAME = "$(TARGET_NAME)";
				TEST_HOST = "$(BUNDLE_LOADER)";
				WRAPPER_EXTENSION = xctest;
			};
			name = Release;
		};
/* End XCBuildConfiguration section */

/* Begin XCConfigurationList section */
		35A6B4571833BFD600ACABB0 /* Build configuration list for PBXProject "ISCollectionViewTest" */ = {
			isa = XCConfigurationList;
			buildConfigurations = (
				35A6B48C1833BFD600ACABB0 /* Debug */,
				35A6B48D1833BFD600ACABB0 /* Release */,
			);
			defaultConfigurationIsVisible = 0;
			defaultConfigurationName = Release;
		};
		35A6B48E1833BFD600ACABB0 /* Build configuration list for PBXNativeTarget "ISCollectionViewTest" */ = {
			isa = XCConfigurationList;
			buildConfigurations = (
				35A6B48F1833BFD600ACABB0 /* Debug */,
				35A6B4901833BFD600ACABB0 /* Release */,
			);
			defaultConfigurationIsVisible = 0;
			defaultConfigurationName = Release;
		};
		35A6B4911833BFD600ACABB0 /* Build configuration list for PBXNativeTarget "ISCollectionViewTestTests" */ = {
			isa = XCConfigurationList;
			buildConfigurations = (
				35A6B4921833BFD600ACABB0 /* Debug */,
				35A6B4931833BFD600ACABB0 /* Release */,
			);
			defaultConfigurationIsVisible = 0;
			defaultConfigurationName = Release;
		};
/* End XCConfigurationList section */
	};
	rootObject = 35A6B4541833BFD600ACABB0 /* Project object */;
}
